
Microsoft Visual Studio Solution File, Format Version 12.00
# Visual Studio Version 17
VisualStudioVersion = 17.1.32407.343
MinimumVisualStudioVersion = 10.0.40219.1
Project("{2150E333-8FDC-42A3-9474-1A3956D46DE8}") = "src", "src", "{2B6CED51-8F44-4617-A0D3-1763ABE1EAB4}"
EndProject
Project("{2150E333-8FDC-42A3-9474-1A3956D46DE8}") = "Services", "Services", "{2138A9A0-618D-4609-9A8B-29217CCEA54F}"
EndProject
Project("{2150E333-8FDC-42A3-9474-1A3956D46DE8}") = "Catalog", "Catalog", "{5DB40B5C-1BE1-4671-9DE6-7EDA3802838F}"
EndProject
Project("{9A19103F-16F7-4668-BE54-9A1E7A4F7556}") = "Catalog.API", "src\Services\Catalog\Catalog.API\Catalog.API.csproj", "{71D5F1CB-287C-444E-AB68-1CEEB6E03EBF}"
EndProject
Project("{E53339B2-1760-4266-BCC7-CA923CBCF16C}") = "docker-compose", "docker-compose.dcproj", "{4BC27560-5EC3-4C31-BA02-DE8C900C5609}"
EndProject
Project("{2150E333-8FDC-42A3-9474-1A3956D46DE8}") = "Basket", "Basket", "{78BE8B07-6B78-436E-A2BD-29C38F395E60}"
EndProject
Project("{9A19103F-16F7-4668-BE54-9A1E7A4F7556}") = "Basket.API", "src\Services\Basket\Basket.API\Basket.API.csproj", "{60E66986-EE9F-4D6E-8612-176E61998436}"
EndProject
Project("{2150E333-8FDC-42A3-9474-1A3956D46DE8}") = "Discount", "Discount", "{B38C609B-5ACF-4314-A488-07070DB169FD}"
EndProject
Project("{9A19103F-16F7-4668-BE54-9A1E7A4F7556}") = "Discount.API", "src\Services\Discount\Discount.API\Discount.API.csproj", "{C379F128-14B4-4C53-938D-CB21C8E736FF}"
EndProject
Project("{FAE04EC0-301F-11D3-BF4B-00C04F79EFBC}") = "Discount.Grpc", "src\Services\Discount\Discount.Grpc\Discount.Grpc.csproj", "{F557AF4D-E75C-416F-9658-3C75AB611F99}"
EndProject
Project("{2150E333-8FDC-42A3-9474-1A3956D46DE8}") = "Ordering", "Ordering", "{C6A98657-2EAF-41C3-A86D-816CFAE3498B}"
EndProject
Project("{FAE04EC0-301F-11D3-BF4B-00C04F79EFBC}") = "Ordering.API", "src\Services\Ordering\Ordering.API\Ordering.API.csproj", "{185F9871-BACD-4CEB-8311-94ADE293D767}"
EndProject
Project("{FAE04EC0-301F-11D3-BF4B-00C04F79EFBC}") = "Ordering.Domain", "src\Services\Ordering\Ordering.Domain\Ordering.Domain.csproj", "{16FC76A7-C401-4A8F-ADF3-8BBACFA07279}"
EndProject
Project("{FAE04EC0-301F-11D3-BF4B-00C04F79EFBC}") = "Ordering.Application", "src\Services\Ordering\Ordering.Application\Ordering.Application.csproj", "{52305124-F8EF-4E0F-BF7B-B5B3FF334650}"
EndProject
Project("{FAE04EC0-301F-11D3-BF4B-00C04F79EFBC}") = "Ordering.Infrastructure", "src\Services\Ordering\Ordering.Infrastructure\Ordering.Infrastructure.csproj", "{730F56A4-FAEB-4197-8270-C17D1093D39E}"
EndProject
Global
	GlobalSection(SolutionConfigurationPlatforms) = preSolution
		Debug|Any CPU = Debug|Any CPU
		Release|Any CPU = Release|Any CPU
	EndGlobalSection
	GlobalSection(ProjectConfigurationPlatforms) = postSolution
		{71D5F1CB-287C-444E-AB68-1CEEB6E03EBF}.Debug|Any CPU.ActiveCfg = Debug|Any CPU
		{71D5F1CB-287C-444E-AB68-1CEEB6E03EBF}.Debug|Any CPU.Build.0 = Debug|Any CPU
		{71D5F1CB-287C-444E-AB68-1CEEB6E03EBF}.Release|Any CPU.ActiveCfg = Release|Any CPU
		{71D5F1CB-287C-444E-AB68-1CEEB6E03EBF}.Release|Any CPU.Build.0 = Release|Any CPU
		{4BC27560-5EC3-4C31-BA02-DE8C900C5609}.Debug|Any CPU.ActiveCfg = Debug|Any CPU
		{4BC27560-5EC3-4C31-BA02-DE8C900C5609}.Debug|Any CPU.Build.0 = Debug|Any CPU
		{4BC27560-5EC3-4C31-BA02-DE8C900C5609}.Release|Any CPU.ActiveCfg = Release|Any CPU
		{4BC27560-5EC3-4C31-BA02-DE8C900C5609}.Release|Any CPU.Build.0 = Release|Any CPU
		{60E66986-EE9F-4D6E-8612-176E61998436}.Debug|Any CPU.ActiveCfg = Debug|Any CPU
		{60E66986-EE9F-4D6E-8612-176E61998436}.Debug|Any CPU.Build.0 = Debug|Any CPU
		{60E66986-EE9F-4D6E-8612-176E61998436}.Release|Any CPU.ActiveCfg = Release|Any CPU
		{60E66986-EE9F-4D6E-8612-176E61998436}.Release|Any CPU.Build.0 = Release|Any CPU
		{C379F128-14B4-4C53-938D-CB21C8E736FF}.Debug|Any CPU.ActiveCfg = Debug|Any CPU
		{C379F128-14B4-4C53-938D-CB21C8E736FF}.Debug|Any CPU.Build.0 = Debug|Any CPU
		{C379F128-14B4-4C53-938D-CB21C8E736FF}.Release|Any CPU.ActiveCfg = Release|Any CPU
		{C379F128-14B4-4C53-938D-CB21C8E736FF}.Release|Any CPU.Build.0 = Release|Any CPU
		{F557AF4D-E75C-416F-9658-3C75AB611F99}.Debug|Any CPU.ActiveCfg = Debug|Any CPU
		{F557AF4D-E75C-416F-9658-3C75AB611F99}.Debug|Any CPU.Build.0 = Debug|Any CPU
		{F557AF4D-E75C-416F-9658-3C75AB611F99}.Release|Any CPU.ActiveCfg = Release|Any CPU
		{F557AF4D-E75C-416F-9658-3C75AB611F99}.Release|Any CPU.Build.0 = Release|Any CPU
		{185F9871-BACD-4CEB-8311-94ADE293D767}.Debug|Any CPU.ActiveCfg = Debug|Any CPU
		{185F9871-BACD-4CEB-8311-94ADE293D767}.Debug|Any CPU.Build.0 = Debug|Any CPU
		{185F9871-BACD-4CEB-8311-94ADE293D767}.Release|Any CPU.ActiveCfg = Release|Any CPU
		{185F9871-BACD-4CEB-8311-94ADE293D767}.Release|Any CPU.Build.0 = Release|Any CPU
		{16FC76A7-C401-4A8F-ADF3-8BBACFA07279}.Debug|Any CPU.ActiveCfg = Debug|Any CPU
		{16FC76A7-C401-4A8F-ADF3-8BBACFA07279}.Debug|Any CPU.Build.0 = Debug|Any CPU
		{16FC76A7-C401-4A8F-ADF3-8BBACFA07279}.Release|Any CPU.ActiveCfg = Release|Any CPU
		{16FC76A7-C401-4A8F-ADF3-8BBACFA07279}.Release|Any CPU.Build.0 = Release|Any CPU
		{52305124-F8EF-4E0F-BF7B-B5B3FF334650}.Debug|Any CPU.ActiveCfg = Debug|Any CPU
		{52305124-F8EF-4E0F-BF7B-B5B3FF334650}.Debug|Any CPU.Build.0 = Debug|Any CPU
		{52305124-F8EF-4E0F-BF7B-B5B3FF334650}.Release|Any CPU.ActiveCfg = Release|Any CPU
		{52305124-F8EF-4E0F-BF7B-B5B3FF334650}.Release|Any CPU.Build.0 = Release|Any CPU
		{730F56A4-FAEB-4197-8270-C17D1093D39E}.Debug|Any CPU.ActiveCfg = Debug|Any CPU
		{730F56A4-FAEB-4197-8270-C17D1093D39E}.Debug|Any CPU.Build.0 = Debug|Any CPU
		{730F56A4-FAEB-4197-8270-C17D1093D39E}.Release|Any CPU.ActiveCfg = Release|Any CPU
		{730F56A4-FAEB-4197-8270-C17D1093D39E}.Release|Any CPU.Build.0 = Release|Any CPU
	EndGlobalSection
	GlobalSection(SolutionProperties) = preSolution
		HideSolutionNode = FALSE
	EndGlobalSection
	GlobalSection(NestedProjects) = preSolution
		{2138A9A0-618D-4609-9A8B-29217CCEA54F} = {2B6CED51-8F44-4617-A0D3-1763ABE1EAB4}
		{5DB40B5C-1BE1-4671-9DE6-7EDA3802838F} = {2138A9A0-618D-4609-9A8B-29217CCEA54F}
		{71D5F1CB-287C-444E-AB68-1CEEB6E03EBF} = {5DB40B5C-1BE1-4671-9DE6-7EDA3802838F}
		{78BE8B07-6B78-436E-A2BD-29C38F395E60} = {2138A9A0-618D-4609-9A8B-29217CCEA54F}
		{60E66986-EE9F-4D6E-8612-176E61998436} = {78BE8B07-6B78-436E-A2BD-29C38F395E60}
		{B38C609B-5ACF-4314-A488-07070DB169FD} = {2138A9A0-618D-4609-9A8B-29217CCEA54F}
		{C379F128-14B4-4C53-938D-CB21C8E736FF} = {B38C609B-5ACF-4314-A488-07070DB169FD}
		{F557AF4D-E75C-416F-9658-3C75AB611F99} = {B38C609B-5ACF-4314-A488-07070DB169FD}
		{C6A98657-2EAF-41C3-A86D-816CFAE3498B} = {2138A9A0-618D-4609-9A8B-29217CCEA54F}
		{185F9871-BACD-4CEB-8311-94ADE293D767} = {C6A98657-2EAF-41C3-A86D-816CFAE3498B}
		{16FC76A7-C401-4A8F-ADF3-8BBACFA07279} = {C6A98657-2EAF-41C3-A86D-816CFAE3498B}
		{52305124-F8EF-4E0F-BF7B-B5B3FF334650} = {C6A98657-2EAF-41C3-A86D-816CFAE3498B}
		{730F56A4-FAEB-4197-8270-C17D1093D39E} = {C6A98657-2EAF-41C3-A86D-816CFAE3498B}
	EndGlobalSection
	GlobalSection(ExtensibilityGlobals) = postSolution
		SolutionGuid = {9A4E36D3-2AAC-4324-B3B5-6D27F7DE3B4A}
	EndGlobalSection
EndGlobal
